
Microsoft Visual Studio Solution File, Format Version 12.00
# Visual Studio Version 16
VisualStudioVersion = 16.0.32106.194
MinimumVisualStudioVersion = 10.0.40219.1
Project("{FAE04EC0-301F-11D3-BF4B-00C04F79EFBC}") = "TodoList", "TodoList\TodoList.csproj", "{EE3F5DF0-6C07-491F-AEB5-53DF6AC9A42E}"
EndProject
Global
	GlobalSection(SolutionConfigurationPlatforms) = preSolution
		Debug|Any CPU = Debug|Any CPU
		Release|Any CPU = Release|Any CPU
	EndGlobalSection
	GlobalSection(ProjectConfigurationPlatforms) = postSolution
		{EE3F5DF0-6C07-491F-AEB5-53DF6AC9A42E}.Debug|Any CPU.ActiveCfg = Debug|Any CPU
		{EE3F5DF0-6C07-491F-AEB5-53DF6AC9A42E}.Debug|Any CPU.Build.0 = Debug|Any CPU
		{EE3F5DF0-6C07-491F-AEB5-53DF6AC9A42E}.Release|Any CPU.ActiveCfg = Release|Any CPU
		{EE3F5DF0-6C07-491F-AEB5-53DF6AC9A42E}.Release|Any CPU.Build.0 = Release|Any CPU
	EndGlobalSection
	GlobalSection(SolutionProperties) = preSolution
		HideSolutionNode = FALSE
	EndGlobalSection
	GlobalSection(ExtensibilityGlobals) = postSolution
		SolutionGuid = {E3D43D3E-3926-4085-93BD-73BB7CB725FF}
	EndGlobalSection
EndGlobal
